
Microsoft Visual Studio Solution File, Format Version 11.00
# Visual Studio 2010
Project("{FAE04EC0-301F-11D3-BF4B-00C04F79EFBC}") = "Maxit", "Maxit\Maxit.csproj", "{0D982110-5E75-4B99-BD4A-D93E0A74605E}"
EndProject
Global
	GlobalSection(SolutionConfigurationPlatforms) = preSolution
		Debug|x86 = Debug|x86
		Release|x86 = Release|x86
	EndGlobalSection
	GlobalSection(ProjectConfigurationPlatforms) = postSolution
		{0D982110-5E75-4B99-BD4A-D93E0A74605E}.Debug|x86.ActiveCfg = Debug|x86
		{0D982110-5E75-4B99-BD4A-D93E0A74605E}.Debug|x86.Build.0 = Debug|x86
		{0D982110-5E75-4B99-BD4A-D93E0A74605E}.Release|x86.ActiveCfg = Release|x86
		{0D982110-5E75-4B99-BD4A-D93E0A74605E}.Release|x86.Build.0 = Release|x86
	EndGlobalSection
	GlobalSection(SolutionProperties) = preSolution
		HideSolutionNode = FALSE
	EndGlobalSection
EndGlobal
